// !$*UTF8*$!
{
	archiveVersion = 1;
	classes = {
	};
	objectVersion = 46;
	objects = {

/* Begin PBXBuildFile section */
		84A0E0F51B079A0E008BE53B /* AppDelegate.swift in Sources */ = {isa = PBXBuildFile; fileRef = 84A0E0F41B079A0E008BE53B /* AppDelegate.swift */; };
		84A0E0FC1B079A0F008BE53B /* Main.storyboard in Resources */ = {isa = PBXBuildFile; fileRef = 84A0E0FA1B079A0F008BE53B /* Main.storyboard */; };
		84A0E1151B079CBF008BE53B /* Track.swift in Sources */ = {isa = PBXBuildFile; fileRef = 84A0E1141B079CBF008BE53B /* Track.swift */; };
		84A0E1171B079DCC008BE53B /* Notifier.swift in Sources */ = {isa = PBXBuildFile; fileRef = 84A0E1161B079DCC008BE53B /* Notifier.swift */; };
		84B3D22C1B07EE8A00B0386A /* UserDefaults.plist in Resources */ = {isa = PBXBuildFile; fileRef = 84B3D22B1B07EE8A00B0386A /* UserDefaults.plist */; };
		84B3D22E1B0801C100B0386A /* Images.xcassets in Resources */ = {isa = PBXBuildFile; fileRef = 84B3D22D1B0801C100B0386A /* Images.xcassets */; };
		84B3D2301B0801ED00B0386A /* Credits.rtf in Resources */ = {isa = PBXBuildFile; fileRef = 84B3D22F1B0801ED00B0386A /* Credits.rtf */; };
		84B3D2391B080D1100B0386A /* Localizable.strings in Resources */ = {isa = PBXBuildFile; fileRef = 84B3D23B1B080D1100B0386A /* Localizable.strings */; };
		84C78FF51B08C98B00EDE851 /* Tunes Notifier Helper.app in CopyFiles */ = {isa = PBXBuildFile; fileRef = 84C78FF41B08C97100EDE851 /* Tunes Notifier Helper.app */; settings = {ATTRIBUTES = (RemoveHeadersOnCopy, ); }; };
/* End PBXBuildFile section */

/* Begin PBXContainerItemProxy section */
		84C78FF31B08C97100EDE851 /* PBXContainerItemProxy */ = {
			isa = PBXContainerItemProxy;
			containerPortal = 84C78FEF1B08C97100EDE851 /* Tunes Notifier Helper.xcodeproj */;
			proxyType = 2;
			remoteGlobalIDString = 84D814641B08BC1C00265A37;
			remoteInfo = "Tunes Notifier Helper";
		};
/* End PBXContainerItemProxy section */

/* Begin PBXCopyFilesBuildPhase section */
		84D8148F1B08C0FE00265A37 /* CopyFiles */ = {
			isa = PBXCopyFilesBuildPhase;
			buildActionMask = 2147483647;
			dstPath = Contents/Library/LoginItems;
			dstSubfolderSpec = 1;
			files = (
				84C78FF51B08C98B00EDE851 /* Tunes Notifier Helper.app in CopyFiles */,
			);
			runOnlyForDeploymentPostprocessing = 0;
		};
/* End PBXCopyFilesBuildPhase section */

/* Begin PBXFileReference section */
		84A0E0EF1B079A0E008BE53B /* Tunes Notifier.app */ = {isa = PBXFileReference; explicitFileType = wrapper.application; includeInIndex = 0; path = "Tunes Notifier.app"; sourceTree = BUILT_PRODUCTS_DIR; };
		84A0E0F31B079A0E008BE53B /* Info.plist */ = {isa = PBXFileReference; lastKnownFileType = text.plist.xml; path = Info.plist; sourceTree = "<group>"; };
		84A0E0F41B079A0E008BE53B /* AppDelegate.swift */ = {isa = PBXFileReference; lastKnownFileType = sourcecode.swift; path = AppDelegate.swift; sourceTree = "<group>"; };
		84A0E0FB1B079A0F008BE53B /* Base */ = {isa = PBXFileReference; lastKnownFileType = file.storyboard; name = Base; path = Base.lproj/Main.storyboard; sourceTree = "<group>"; };
		84A0E1141B079CBF008BE53B /* Track.swift */ = {isa = PBXFileReference; fileEncoding = 4; lastKnownFileType = sourcecode.swift; path = Track.swift; sourceTree = "<group>"; };
		84A0E1161B079DCC008BE53B /* Notifier.swift */ = {isa = PBXFileReference; fileEncoding = 4; lastKnownFileType = sourcecode.swift; path = Notifier.swift; sourceTree = "<group>"; };
		84B3D22B1B07EE8A00B0386A /* UserDefaults.plist */ = {isa = PBXFileReference; fileEncoding = 4; lastKnownFileType = text.plist.xml; path = UserDefaults.plist; sourceTree = "<group>"; };
		84B3D22D1B0801C100B0386A /* Images.xcassets */ = {isa = PBXFileReference; lastKnownFileType = folder.assetcatalog; path = Images.xcassets; sourceTree = "<group>"; };
		84B3D22F1B0801ED00B0386A /* Credits.rtf */ = {isa = PBXFileReference; fileEncoding = 4; lastKnownFileType = text.rtf; path = Credits.rtf; sourceTree = "<group>"; };
		84B3D23A1B080D1100B0386A /* Base */ = {isa = PBXFileReference; lastKnownFileType = text.plist.strings; name = Base; path = Base.lproj/Localizable.strings; sourceTree = "<group>"; };
		84B3D23C1B080D3400B0386A /* fr */ = {isa = PBXFileReference; lastKnownFileType = text.plist.strings; name = fr; path = fr.lproj/Localizable.strings; sourceTree = "<group>"; };
		84B3D23D1B080D4800B0386A /* da */ = {isa = PBXFileReference; lastKnownFileType = text.plist.strings; name = da; path = da.lproj/Localizable.strings; sourceTree = "<group>"; };
		84B3D23E1B080D6000B0386A /* pt */ = {isa = PBXFileReference; lastKnownFileType = text.plist.strings; name = pt; path = pt.lproj/Localizable.strings; sourceTree = "<group>"; };
		84B3D23F1B080D6700B0386A /* de */ = {isa = PBXFileReference; lastKnownFileType = text.plist.strings; name = de; path = de.lproj/Localizable.strings; sourceTree = "<group>"; };
		84B3D2401B080D7800B0386A /* es */ = {isa = PBXFileReference; lastKnownFileType = text.plist.strings; name = es; path = es.lproj/Localizable.strings; sourceTree = "<group>"; };
		84B3D2411B080D7F00B0386A /* fi */ = {isa = PBXFileReference; lastKnownFileType = text.plist.strings; name = fi; path = fi.lproj/Localizable.strings; sourceTree = "<group>"; };
		84B3D2431B080D8F00B0386A /* ja */ = {isa = PBXFileReference; lastKnownFileType = text.plist.strings; name = ja; path = ja.lproj/Localizable.strings; sourceTree = "<group>"; };
		84B3D2451B080DAA00B0386A /* tr */ = {isa = PBXFileReference; lastKnownFileType = text.plist.strings; name = tr; path = tr.lproj/Localizable.strings; sourceTree = "<group>"; };
		84C78FEF1B08C97100EDE851 /* Tunes Notifier Helper.xcodeproj */ = {isa = PBXFileReference; lastKnownFileType = "wrapper.pb-project"; name = "Tunes Notifier Helper.xcodeproj"; path = "Tunes Notifier Helper/Tunes Notifier Helper.xcodeproj"; sourceTree = "<group>"; };
		84C78FF71B08CD8700EDE851 /* Tunes Notifier.entitlements */ = {isa = PBXFileReference; lastKnownFileType = text.xml; path = "Tunes Notifier.entitlements"; sourceTree = "<group>"; };
/* End PBXFileReference section */

/* Begin PBXFrameworksBuildPhase section */
		84A0E0EC1B079A0E008BE53B /* Frameworks */ = {
			isa = PBXFrameworksBuildPhase;
			buildActionMask = 2147483647;
			files = (
			);
			runOnlyForDeploymentPostprocessing = 0;
		};
/* End PBXFrameworksBuildPhase section */

/* Begin PBXGroup section */
		84A0E0E61B079A0E008BE53B = {
			isa = PBXGroup;
			children = (
				84C78FEF1B08C97100EDE851 /* Tunes Notifier Helper.xcodeproj */,
				84A0E0F11B079A0E008BE53B /* Tunes Notifier */,
				84A0E0F01B079A0E008BE53B /* Products */,
			);
			sourceTree = "<group>";
		};
		84A0E0F01B079A0E008BE53B /* Products */ = {
			isa = PBXGroup;
			children = (
				84A0E0EF1B079A0E008BE53B /* Tunes Notifier.app */,
			);
			name = Products;
			sourceTree = "<group>";
		};
		84A0E0F11B079A0E008BE53B /* Tunes Notifier */ = {
			isa = PBXGroup;
			children = (
				84A0E0F41B079A0E008BE53B /* AppDelegate.swift */,
				84A0E0FA1B079A0F008BE53B /* Main.storyboard */,
				84A0E1161B079DCC008BE53B /* Notifier.swift */,
				84A0E0F21B079A0E008BE53B /* Supporting Files */,
				84A0E1141B079CBF008BE53B /* Track.swift */,
			);
			path = "Tunes Notifier";
			sourceTree = "<group>";
		};
		84A0E0F21B079A0E008BE53B /* Supporting Files */ = {
			isa = PBXGroup;
			children = (
				84B3D22F1B0801ED00B0386A /* Credits.rtf */,
				84B3D22D1B0801C100B0386A /* Images.xcassets */,
				84A0E0F31B079A0E008BE53B /* Info.plist */,
				84B3D23B1B080D1100B0386A /* Localizable.strings */,
				84C78FF71B08CD8700EDE851 /* Tunes Notifier.entitlements */,
				84B3D22B1B07EE8A00B0386A /* UserDefaults.plist */,
			);
			name = "Supporting Files";
			sourceTree = "<group>";
		};
		84C78FF01B08C97100EDE851 /* Products */ = {
			isa = PBXGroup;
			children = (
				84C78FF41B08C97100EDE851 /* Tunes Notifier Helper.app */,
			);
			name = Products;
			sourceTree = "<group>";
		};
/* End PBXGroup section */

/* Begin PBXNativeTarget section */
		84A0E0EE1B079A0E008BE53B /* Tunes Notifier */ = {
			isa = PBXNativeTarget;
			buildConfigurationList = 84A0E10B1B079A0F008BE53B /* Build configuration list for PBXNativeTarget "Tunes Notifier" */;
			buildPhases = (
				84A0E0EB1B079A0E008BE53B /* Sources */,
				84A0E0EC1B079A0E008BE53B /* Frameworks */,
				84A0E0ED1B079A0E008BE53B /* Resources */,
				84D8148F1B08C0FE00265A37 /* CopyFiles */,
			);
			buildRules = (
			);
			dependencies = (
			);
			name = "Tunes Notifier";
			productName = "Tunes Notifier";
			productReference = 84A0E0EF1B079A0E008BE53B /* Tunes Notifier.app */;
			productType = "com.apple.product-type.application";
		};
/* End PBXNativeTarget section */

/* Begin PBXProject section */
		84A0E0E71B079A0E008BE53B /* Project object */ = {
			isa = PBXProject;
			attributes = {
				LastUpgradeCheck = 0630;
				ORGANIZATIONNAME = "Jules Coynel";
				TargetAttributes = {
					84A0E0EE1B079A0E008BE53B = {
						CreatedOnToolsVersion = 6.3.1;
						DevelopmentTeam = VG59FX5MX7;
						SystemCapabilities = {
							com.apple.Sandbox = {
								enabled = 1;
							};
						};
					};
				};
			};
			buildConfigurationList = 84A0E0EA1B079A0E008BE53B /* Build configuration list for PBXProject "Tunes Notifier" */;
			compatibilityVersion = "Xcode 3.2";
			developmentRegion = English;
			hasScannedForEncodings = 0;
			knownRegions = (
				en,
				Base,
				fr,
				da,
				pt,
				de,
				es,
				fi,
				ja,
				tr,
			);
			mainGroup = 84A0E0E61B079A0E008BE53B;
			productRefGroup = 84A0E0F01B079A0E008BE53B /* Products */;
			projectDirPath = "";
			projectReferences = (
				{
					ProductGroup = 84C78FF01B08C97100EDE851 /* Products */;
					ProjectRef = 84C78FEF1B08C97100EDE851 /* Tunes Notifier Helper.xcodeproj */;
				},
			);
			projectRoot = "";
			targets = (
				84A0E0EE1B079A0E008BE53B /* Tunes Notifier */,
			);
		};
/* End PBXProject section */

/* Begin PBXReferenceProxy section */
		84C78FF41B08C97100EDE851 /* Tunes Notifier Helper.app */ = {
			isa = PBXReferenceProxy;
			fileType = wrapper.application;
			path = "Tunes Notifier Helper.app";
			remoteRef = 84C78FF31B08C97100EDE851 /* PBXContainerItemProxy */;
			sourceTree = BUILT_PRODUCTS_DIR;
		};
/* End PBXReferenceProxy section */

/* Begin PBXResourcesBuildPhase section */
		84A0E0ED1B079A0E008BE53B /* Resources */ = {
			isa = PBXResourcesBuildPhase;
			buildActionMask = 2147483647;
			files = (
				84B3D2391B080D1100B0386A /* Localizable.strings in Resources */,
				84B3D22E1B0801C100B0386A /* Images.xcassets in Resources */,
				84B3D22C1B07EE8A00B0386A /* UserDefaults.plist in Resources */,
				84A0E0FC1B079A0F008BE53B /* Main.storyboard in Resources */,
				84B3D2301B0801ED00B0386A /* Credits.rtf in Resources */,
			);
			runOnlyForDeploymentPostprocessing = 0;
		};
/* End PBXResourcesBuildPhase section */

/* Begin PBXSourcesBuildPhase section */
		84A0E0EB1B079A0E008BE53B /* Sources */ = {
			isa = PBXSourcesBuildPhase;
			buildActionMask = 2147483647;
			files = (
				84A0E1171B079DCC008BE53B /* Notifier.swift in Sources */,
				84A0E0F51B079A0E008BE53B /* AppDelegate.swift in Sources */,
				84A0E1151B079CBF008BE53B /* Track.swift in Sources */,
			);
			runOnlyForDeploymentPostprocessing = 0;
		};
/* End PBXSourcesBuildPhase section */

/* Begin PBXVariantGroup section */
		84A0E0FA1B079A0F008BE53B /* Main.storyboard */ = {
			isa = PBXVariantGroup;
			children = (
				84A0E0FB1B079A0F008BE53B /* Base */,
			);
			name = Main.storyboard;
			sourceTree = "<group>";
		};
		84B3D23B1B080D1100B0386A /* Localizable.strings */ = {
			isa = PBXVariantGroup;
			children = (
				84B3D23A1B080D1100B0386A /* Base */,
				84B3D23C1B080D3400B0386A /* fr */,
				84B3D23D1B080D4800B0386A /* da */,
				84B3D23E1B080D6000B0386A /* pt */,
				84B3D23F1B080D6700B0386A /* de */,
				84B3D2401B080D7800B0386A /* es */,
				84B3D2411B080D7F00B0386A /* fi */,
				84B3D2431B080D8F00B0386A /* ja */,
				84B3D2451B080DAA00B0386A /* tr */,
			);
			name = Localizable.strings;
			sourceTree = "<group>";
		};
/* End PBXVariantGroup section */

/* Begin XCBuildConfiguration section */
		84A0E1091B079A0F008BE53B /* Debug */ = {
			isa = XCBuildConfiguration;
			buildSettings = {
				ALWAYS_SEARCH_USER_PATHS = NO;
				CLANG_CXX_LANGUAGE_STANDARD = "gnu++0x";
				CLANG_CXX_LIBRARY = "libc++";
				CLANG_ENABLE_MODULES = YES;
				CLANG_ENABLE_OBJC_ARC = YES;
				CLANG_WARN_BOOL_CONVERSION = YES;
				CLANG_WARN_CONSTANT_CONVERSION = YES;
				CLANG_WARN_DIRECT_OBJC_ISA_USAGE = YES_ERROR;
				CLANG_WARN_EMPTY_BODY = YES;
				CLANG_WARN_ENUM_CONVERSION = YES;
				CLANG_WARN_INT_CONVERSION = YES;
				CLANG_WARN_OBJC_ROOT_CLASS = YES_ERROR;
				CLANG_WARN_UNREACHABLE_CODE = YES;
				CLANG_WARN__DUPLICATE_METHOD_MATCH = YES;
				CODE_SIGN_IDENTITY = "-";
				COPY_PHASE_STRIP = NO;
				DEBUG_INFORMATION_FORMAT = dwarf;
				ENABLE_STRICT_OBJC_MSGSEND = YES;
				GCC_C_LANGUAGE_STANDARD = gnu99;
				GCC_DYNAMIC_NO_PIC = NO;
				GCC_NO_COMMON_BLOCKS = YES;
				GCC_OPTIMIZATION_LEVEL = 0;
				GCC_PREPROCESSOR_DEFINITIONS = (
					"DEBUG=1",
					"$(inherited)",
				);
				GCC_SYMBOLS_PRIVATE_EXTERN = NO;
				GCC_WARN_64_TO_32_BIT_CONVERSION = YES;
				GCC_WARN_ABOUT_RETURN_TYPE = YES_ERROR;
				GCC_WARN_UNDECLARED_SELECTOR = YES;
				GCC_WARN_UNINITIALIZED_AUTOS = YES_AGGRESSIVE;
				GCC_WARN_UNUSED_FUNCTION = YES;
				GCC_WARN_UNUSED_VARIABLE = YES;
				MACOSX_DEPLOYMENT_TARGET = 10.10;
				MTL_ENABLE_DEBUG_INFO = YES;
				ONLY_ACTIVE_ARCH = YES;
				SDKROOT = macosx;
				SWIFT_OPTIMIZATION_LEVEL = "-Onone";
			};
			name = Debug;
		};
		84A0E10A1B079A0F008BE53B /* Release */ = {
			isa = XCBuildConfiguration;
			buildSettings = {
				ALWAYS_SEARCH_USER_PATHS = NO;
				CLANG_CXX_LANGUAGE_STANDARD = "gnu++0x";
				CLANG_CXX_LIBRARY = "libc++";
				CLANG_ENABLE_MODULES = YES;
				CLANG_ENABLE_OBJC_ARC = YES;
				CLANG_WARN_BOOL_CONVERSION = YES;
				CLANG_WARN_CONSTANT_CONVERSION = YES;
				CLANG_WARN_DIRECT_OBJC_ISA_USAGE = YES_ERROR;
				CLANG_WARN_EMPTY_BODY = YES;
				CLANG_WARN_ENUM_CONVERSION = YES;
				CLANG_WARN_INT_CONVERSION = YES;
				CLANG_WARN_OBJC_ROOT_CLASS = YES_ERROR;
				CLANG_WARN_UNREACHABLE_CODE = YES;
				CLANG_WARN__DUPLICATE_METHOD_MATCH = YES;
				CODE_SIGN_IDENTITY = "-";
				COPY_PHASE_STRIP = NO;
				DEBUG_INFORMATION_FORMAT = "dwarf-with-dsym";
				ENABLE_NS_ASSERTIONS = NO;
				ENABLE_STRICT_OBJC_MSGSEND = YES;
				GCC_C_LANGUAGE_STANDARD = gnu99;
				GCC_NO_COMMON_BLOCKS = YES;
				GCC_WARN_64_TO_32_BIT_CONVERSION = YES;
				GCC_WARN_ABOUT_RETURN_TYPE = YES_ERROR;
				GCC_WARN_UNDECLARED_SELECTOR = YES;
				GCC_WARN_UNINITIALIZED_AUTOS = YES_AGGRESSIVE;
				GCC_WARN_UNUSED_FUNCTION = YES;
				GCC_WARN_UNUSED_VARIABLE = YES;
				MACOSX_DEPLOYMENT_TARGET = 10.10;
				MTL_ENABLE_DEBUG_INFO = NO;
				SDKROOT = macosx;
			};
			name = Release;
		};
		84A0E10C1B079A0F008BE53B /* Debug */ = {
			isa = XCBuildConfiguration;
			buildSettings = {
				ASSETCATALOG_COMPILER_APPICON_NAME = AppIcon;
				CODE_SIGN_ENTITLEMENTS = "Tunes Notifier/Tunes Notifier.entitlements";
				COMBINE_HIDPI_IMAGES = YES;
				INFOPLIST_FILE = "Tunes Notifier/Info.plist";
				LD_RUNPATH_SEARCH_PATHS = "$(inherited) @executable_path/../Frameworks";
				OTHER_LDFLAGS = "";
				PRODUCT_NAME = "$(TARGET_NAME)";
				SWIFT_OBJC_BRIDGING_HEADER = "";
			};
			name = Debug;
		};
		84A0E10D1B079A0F008BE53B /* Release */ = {
			isa = XCBuildConfiguration;
			buildSettings = {
				ASSETCATALOG_COMPILER_APPICON_NAME = AppIcon;
				CODE_SIGN_ENTITLEMENTS = "Tunes Notifier/Tunes Notifier.entitlements";
				COMBINE_HIDPI_IMAGES = YES;
				INFOPLIST_FILE = "Tunes Notifier/Info.plist";
				LD_RUNPATH_SEARCH_PATHS = "$(inherited) @executable_path/../Frameworks";
				OTHER_LDFLAGS = "";
				PRODUCT_NAME = "$(TARGET_NAME)";
				SWIFT_OBJC_BRIDGING_HEADER = "";
			};
			name = Release;
		};
/* End XCBuildConfiguration section */

/* Begin XCConfigurationList section */
		84A0E0EA1B079A0E008BE53B /* Build configuration list for PBXProject "Tunes Notifier" */ = {
			isa = XCConfigurationList;
			buildConfigurations = (
				84A0E1091B079A0F008BE53B /* Debug */,
				84A0E10A1B079A0F008BE53B /* Release */,
			);
			defaultConfigurationIsVisible = 0;
			defaultConfigurationName = Release;
		};
		84A0E10B1B079A0F008BE53B /* Build configuration list for PBXNativeTarget "Tunes Notifier" */ = {
			isa = XCConfigurationList;
			buildConfigurations = (
				84A0E10C1B079A0F008BE53B /* Debug */,
				84A0E10D1B079A0F008BE53B /* Release */,
			);
			defaultConfigurationIsVisible = 0;
			defaultConfigurationName = Release;
		};
/* End XCConfigurationList section */
	};
	rootObject = 84A0E0E71B079A0E008BE53B /* Project object */;
}
